
Microsoft Visual Studio Solution File, Format Version 12.00
# Visual Studio 14
VisualStudioVersion = 14.0.23107.0
MinimumVisualStudioVersion = 10.0.40219.1
Project("{F184B08F-C81C-45F6-A57F-5ABD9991F28F}") = "Assistant Personnel de Programmation", "WindowsApplication1\Assistant Personnel de Programmation.vbproj", "{5260A793-2573-42D1-A5CE-4516C67B1C27}"
EndProject
Global
	GlobalSection(SolutionConfigurationPlatforms) = preSolution
		Debug|Any CPU = Debug|Any CPU
		Release|Any CPU = Release|Any CPU
	EndGlobalSection
	GlobalSection(ProjectConfigurationPlatforms) = postSolution
		{5260A793-2573-42D1-A5CE-4516C67B1C27}.Debug|Any CPU.ActiveCfg = Debug|Any CPU
		{5260A793-2573-42D1-A5CE-4516C67B1C27}.Debug|Any CPU.Build.0 = Debug|Any CPU
		{5260A793-2573-42D1-A5CE-4516C67B1C27}.Release|Any CPU.ActiveCfg = Release|Any CPU
		{5260A793-2573-42D1-A5CE-4516C67B1C27}.Release|Any CPU.Build.0 = Release|Any CPU
	EndGlobalSection
	GlobalSection(SolutionProperties) = preSolution
		HideSolutionNode = FALSE
	EndGlobalSection
EndGlobal
